
Microsoft Visual Studio Solution File, Format Version 11.00
# Visual Studio 2010
Project("{2150E333-8FDC-42A3-9474-1A3956D46DE8}") = "IE_Command", "IE_Command", "{4A9F3092-230D-4FA2-89D9-71A67611E2D8}"
EndProject
Project("{2150E333-8FDC-42A3-9474-1A3956D46DE8}") = "IE_Effect", "IE_Effect", "{1727F8F3-FFD2-4CA1-BF87-41BC72BDFDA0}"
EndProject
Project("{2150E333-8FDC-42A3-9474-1A3956D46DE8}") = "IE_ImgFileIO", "IE_ImgFileIO", "{4C00FC16-D6E8-40C3-84A0-5BF16E1CFB29}"
EndProject
Project("{2150E333-8FDC-42A3-9474-1A3956D46DE8}") = "IE_Tool", "IE_Tool", "{AF297081-14ED-4729-95E0-99E060864072}"
EndProject
Project("{2150E333-8FDC-42A3-9474-1A3956D46DE8}") = "3rdparty", "3rdparty", "{0453C51F-6389-41C3-8D34-C9E77121D506}"
EndProject
Project("{2150E333-8FDC-42A3-9474-1A3956D46DE8}") = "画像選択", "画像選択", "{D2F3A37C-3EE7-4212-8BA8-E2D580ADC8B2}"
EndProject
Project("{2150E333-8FDC-42A3-9474-1A3956D46DE8}") = "brush", "brush", "{6E3D18C2-626D-471C-9583-B4B7DD9A9CFE}"
EndProject
Project("{2150E333-8FDC-42A3-9474-1A3956D46DE8}") = "ImageSelect", "ImageSelect", "{3EF7F39E-5A79-4D69-BB12-D4CC09431D4A}"
EndProject
Project("{2150E333-8FDC-42A3-9474-1A3956D46DE8}") = "画面移動", "画面移動", "{4D6DF98C-1068-4E46-A088-F70D8793CCC7}"
EndProject
Project("{2150E333-8FDC-42A3-9474-1A3956D46DE8}") = "多角形選択", "多角形選択", "{3CACFCD3-C474-4300-854C-6921FBFCAA16}"
EndProject
Project("{2150E333-8FDC-42A3-9474-1A3956D46DE8}") = "ColorCompensation", "ColorCompensation", "{6F7729DD-34F7-41A5-8433-F37C8B31B28A}"
EndProject
Project("{2150E333-8FDC-42A3-9474-1A3956D46DE8}") = "ViewFlip", "ViewFlip", "{97551DB7-AF3C-4B63-B08E-8B08048F25EC}"
EndProject
Project("{8BC9CEB8-8B4A-11D0-8D11-00A0C91BC942}") = "ColorFill", "IE_Command\ColorFill\ColorFill.vcxproj", "{EC721B7E-3FF5-421E-8B12-35445BF4CE1A}"
EndProject
Project("{8BC9CEB8-8B4A-11D0-8D11-00A0C91BC942}") = "CopyLayerSelectImage", "IE_Command\CopyLayerSelectImage\CopyLayerSelectImage.vcxproj", "{89D07FAB-F6E6-4817-8CCB-EF4B31315A71}"
EndProject
Project("{8BC9CEB8-8B4A-11D0-8D11-00A0C91BC942}") = "CutLayerSelectImage", "IE_Command\CutLayerSelectImage\CutLayerSelectImage.vcxproj", "{FC92EE24-DD12-4AF1-84F3-28878D405C10}"
EndProject
Project("{8BC9CEB8-8B4A-11D0-8D11-00A0C91BC942}") = "ImgSelectAll", "IE_Command\ImgSelectAll\ImgSelectAll.vcxproj", "{322F9E8A-9E66-484B-A80F-BA584C72D439}"
EndProject
Project("{8BC9CEB8-8B4A-11D0-8D11-00A0C91BC942}") = "ImgSelectFlip", "IE_Command\ImgSelectFlip\ImgSelectFlip.vcxproj", "{0EA0F6F1-2DC8-4A1D-B0EF-DED47BB3DDC8}"
EndProject
Project("{8BC9CEB8-8B4A-11D0-8D11-00A0C91BC942}") = "ImgSelectRelease", "IE_Command\ImgSelectRelease\ImgSelectRelease.vcxproj", "{BF676151-5C2B-4338-B629-C5A753073112}"
EndProject
Project("{8BC9CEB8-8B4A-11D0-8D11-00A0C91BC942}") = "E_BilateralFilter", "IE_Effect\E_BilateralFilter\E_BilateralFilter.vcxproj", "{C9E557A9-1BCC-4721-96A7-58C5FE3EC0D9}"
EndProject
Project("{8BC9CEB8-8B4A-11D0-8D11-00A0C91BC942}") = "E_ColorReverse", "IE_Effect\E_ColorReverse\E_ColorReverse.vcxproj", "{58244C56-788F-4329-84F1-C22DDBEFD26B}"
EndProject
Project("{8BC9CEB8-8B4A-11D0-8D11-00A0C91BC942}") = "E_EdgeLaplacian", "IE_Effect\E_EdgeLaplacian\E_EdgeLaplacian.vcxproj", "{5A8441C6-5F63-43E7-91EE-488D86B18FDC}"
EndProject
Project("{8BC9CEB8-8B4A-11D0-8D11-00A0C91BC942}") = "E_EdgeSobel", "IE_Effect\E_EdgeSobel\E_EdgeSobel.vcxproj", "{143220E7-B967-452C-B140-B0906B01A446}"
EndProject
Project("{8BC9CEB8-8B4A-11D0-8D11-00A0C91BC942}") = "E_Inpaint", "IE_Effect\E_Inpaint\E_Inpaint.vcxproj", "{1DA3789A-1B22-469D-A14C-9CA23255F3D8}"
EndProject
Project("{8BC9CEB8-8B4A-11D0-8D11-00A0C91BC942}") = "E_MedianFilter", "IE_Effect\E_MedianFilter\E_MedianFilter.vcxproj", "{8540E8C0-B8FC-45C2-90E8-01C43D77AA3B}"
EndProject
Project("{8BC9CEB8-8B4A-11D0-8D11-00A0C91BC942}") = "E_MotionBlur", "IE_Effect\E_MotionBlur\E_MotionBlur.vcxproj", "{5A652706-80D9-4AD3-B796-40A6D67F0417}"
EndProject
Project("{8BC9CEB8-8B4A-11D0-8D11-00A0C91BC942}") = "E_Saturation_Value", "IE_Effect\E_Saturation_Value\E_Saturation_Value.vcxproj", "{C5F6F759-ABC3-444D-9F34-96CE4DF8824C}"
EndProject
Project("{8BC9CEB8-8B4A-11D0-8D11-00A0C91BC942}") = "E_Sepia", "IE_Effect\E_Sepia\E_Sepia.vcxproj", "{1EB01C95-772C-4490-9840-C6D6B7343849}"
EndProject
Project("{8BC9CEB8-8B4A-11D0-8D11-00A0C91BC942}") = "IEIOjpeg", "IE_ImgFileIO\IEIOjpeg\IEIOjpeg.vcxproj", "{0D6DC3E0-A833-4524-9C9A-992467613F29}"
EndProject
Project("{8BC9CEB8-8B4A-11D0-8D11-00A0C91BC942}") = "IEIOpng", "IE_ImgFileIO\IEIOpng\IEIOpng.vcxproj", "{844BF364-166D-4AC5-AF6F-E8EC979B239C}"
EndProject
Project("{8BC9CEB8-8B4A-11D0-8D11-00A0C91BC942}") = "EllipseImgSelecter", "IE_Tool\EllipseImgSelecter\EllipseImgSelecter.vcxproj", "{E9E52750-19D7-4427-8B51-32337A32C2C3}"
EndProject
Project("{8BC9CEB8-8B4A-11D0-8D11-00A0C91BC942}") = "EraserSelecter", "IE_Tool\EraserSelecter\EraserSelecter.vcxproj", "{652AFF63-E031-4F60-BDC5-C9B519E6EE14}"
EndProject
Project("{8BC9CEB8-8B4A-11D0-8D11-00A0C91BC942}") = "InputText", "IE_Tool\InputText\InputText.vcxproj", "{CCF6AB16-E705-40DE-8F3B-AE94FCE7ED1B}"
EndProject
Project("{8BC9CEB8-8B4A-11D0-8D11-00A0C91BC942}") = "LassoSelecter", "IE_Tool\LassoSelecter\LassoSelecter.vcxproj", "{277B5DEC-C768-4FE0-B8A2-42F331F5080E}"
EndProject
Project("{8BC9CEB8-8B4A-11D0-8D11-00A0C91BC942}") = "NormalBrushDraw", "IE_Tool\NormalBrushDraw\NormalBrushDraw.vcxproj", "{6AB6ECF6-F3E5-4BC8-98C5-05E077D327E8}"
EndProject
Project("{8BC9CEB8-8B4A-11D0-8D11-00A0C91BC942}") = "PencilDraw", "IE_Tool\PencilDraw\PencilDraw.vcxproj", "{6CD98149-382E-40AF-B298-C5E0BF3D412B}"
EndProject
Project("{8BC9CEB8-8B4A-11D0-8D11-00A0C91BC942}") = "PenSelecter", "IE_Tool\PenSelecter\PenSelecter.vcxproj", "{2D821C81-649A-429F-AD95-17825C4895F8}"
EndProject
Project("{8BC9CEB8-8B4A-11D0-8D11-00A0C91BC942}") = "PolygonSelecter", "IE_Tool\PolygonSelecter\PolygonSelecter.vcxproj", "{04281CE6-2F4F-4F6F-815D-E2837399AAA3}"
EndProject
Project("{8BC9CEB8-8B4A-11D0-8D11-00A0C91BC942}") = "RectImgSelecter", "IE_Tool\RectImgSelecter\RectImgSelecter.vcxproj", "{EFB00D7F-63C9-4EFB-8A75-4E7F1CAFD11A}"
EndProject
Project("{8BC9CEB8-8B4A-11D0-8D11-00A0C91BC942}") = "SpoitTool", "IE_Tool\SpoitTool\SpoitTool.vcxproj", "{229A0A5A-0DA1-4797-8BD9-6B74D73EB13B}"
EndProject
Project("{8BC9CEB8-8B4A-11D0-8D11-00A0C91BC942}") = "ViewParallelTrans", "IE_Tool\ViewParallelTrans\ViewParallelTrans.vcxproj", "{1FBEFA8F-DBA7-4496-BA07-2A356CB70BCF}"
EndProject
Project("{8BC9CEB8-8B4A-11D0-8D11-00A0C91BC942}") = "ViewRot", "IE_Tool\ViewRot\ViewRot.vcxproj", "{2BAAFC04-C066-46A2-9D08-9ADF9CABD972}"
EndProject
Project("{8BC9CEB8-8B4A-11D0-8D11-00A0C91BC942}") = "WaterColorBrushDraw", "IE_Tool\WaterColorBrushDraw\WaterColorBrushDraw.vcxproj", "{1BA5AC33-F550-4728-A6CD-787AAB269406}"
EndProject
Project("{8BC9CEB8-8B4A-11D0-8D11-00A0C91BC942}") = "ImgEdit_UI", "ImgEdit_UI\ImgEdit_UI.vcxproj", "{2C29F7BD-DA07-460C-B087-02F597758B81}"
EndProject
Project("{8BC9CEB8-8B4A-11D0-8D11-00A0C91BC942}") = "libImgEdit", "libImgEdit\libImgEdit\libImgEdit.vcxproj", "{A4769DC9-7D0E-4C7F-B65D-09004EAAFF71}"
EndProject
Project("{8BC9CEB8-8B4A-11D0-8D11-00A0C91BC942}") = "UtilOpenCV", "UtilOpenCV\UtilOpenCV\UtilOpenCV.vcxproj", "{E8904BE0-F438-408D-A7F7-BF93C6635DA8}"
EndProject
Project("{8BC9CEB8-8B4A-11D0-8D11-00A0C91BC942}") = "E_Binary_Threshold", "IE_Effect\E_Binary_Threshold\E_Binary_Threshold.vcxproj", "{732FADC3-BB7E-4EB1-A4ED-29F04908DFCB}"
EndProject
Project("{8BC9CEB8-8B4A-11D0-8D11-00A0C91BC942}") = "E_GaussianBlur", "IE_Effect\E_GaussianBlur\E_GaussianBlur.vcxproj", "{C548D894-F972-492E-919E-6CE73DE58FB5}"
EndProject
Project("{8BC9CEB8-8B4A-11D0-8D11-00A0C91BC942}") = "E_Glow", "IE_Effect\E_Glow\E_Glow.vcxproj", "{2217A08B-3F8E-4BAD-987F-64116A91AFCB}"
EndProject
Project("{8BC9CEB8-8B4A-11D0-8D11-00A0C91BC942}") = "E_SoftForcus", "IE_Effect\E_SoftForcus\E_SoftForcus.vcxproj", "{B8CBAA47-2E8B-4A38-8824-864B10A13C72}"
EndProject
Project("{8BC9CEB8-8B4A-11D0-8D11-00A0C91BC942}") = "E_Diffuse", "IE_Effect\E_Diffuse\E_Diffuse.vcxproj", "{7DFE83E5-9B78-4884-B6D8-14D0AE664048}"
EndProject
Project("{8BC9CEB8-8B4A-11D0-8D11-00A0C91BC942}") = "E_VTRFilter", "IE_Effect\E_VTRFilter\E_VTRFilter.vcxproj", "{745BB099-AD72-4795-BC25-5D861C2D0726}"
EndProject
Project("{8BC9CEB8-8B4A-11D0-8D11-00A0C91BC942}") = "FreeDeformation", "IE_Command\FreeDeformation\FreeDeformation.vcxproj", "{FD6A1DC2-2289-45CD-8CF0-9164E1A65D1B}"
EndProject
Project("{8BC9CEB8-8B4A-11D0-8D11-00A0C91BC942}") = "IE_BenchMark", "IE_BenchMark\IE_BenchMark.vcxproj", "{ECE67798-0644-4905-AB4E-399B8EF364F2}"
EndProject
Project("{8BC9CEB8-8B4A-11D0-8D11-00A0C91BC942}") = "MoveLayer", "IE_Tool\MoveLayer\MoveLayer.vcxproj", "{50A50B01-317E-453C-9BAA-2F14FD5AA6B4}"
EndProject
Project("{8BC9CEB8-8B4A-11D0-8D11-00A0C91BC942}") = "IEIOpsd", "IE_ImgFileIO\IEIOpsd\IEIOpsd.vcxproj", "{A3D2592F-FD40-4A8F-B610-BD0F30F73774}"
EndProject
Project("{8BC9CEB8-8B4A-11D0-8D11-00A0C91BC942}") = "Undo", "IE_Command\Undo\Undo.vcxproj", "{F19B25E7-BAA4-496F-93E6-F343B1397F0A}"
EndProject
Project("{8BC9CEB8-8B4A-11D0-8D11-00A0C91BC942}") = "ToneCurve", "IE_Command\ToneCurve\ToneCurve.vcxproj", "{6541AC24-BAD5-40D5-BBFE-EAC807758D76}"
EndProject
Project("{8BC9CEB8-8B4A-11D0-8D11-00A0C91BC942}") = "Redo", "IE_Command\Redo\Redo.vcxproj", "{1CF98ADC-3F96-4FAA-8878-5C77EB83B723}"
EndProject
Project("{8BC9CEB8-8B4A-11D0-8D11-00A0C91BC942}") = "Eraser", "IE_Tool\Eraser\Eraser.vcxproj", "{A52480B2-8A9A-4A53-B757-588A115EEB23}"
EndProject
Project("{8BC9CEB8-8B4A-11D0-8D11-00A0C91BC942}") = "LevelCorrection", "IE_Command\LevelCorrection\LevelCorrection.vcxproj", "{94396C87-8ECC-4DB8-B7C0-BB1143B128AD}"
EndProject
Project("{8BC9CEB8-8B4A-11D0-8D11-00A0C91BC942}") = "ColorBalance", "IE_Command\ColorBalance\ColorBalance.vcxproj", "{69D12563-CC23-4046-A894-F88EB54F7440}"
EndProject
Project("{8BC9CEB8-8B4A-11D0-8D11-00A0C91BC942}") = "ChangeCanvasSize", "IE_Command\ChangeCanvasSize\ChangeCanvasSize.vcxproj", "{C5C1792B-4E03-483A-88FA-46F2DE295327}"
EndProject
Project("{8BC9CEB8-8B4A-11D0-8D11-00A0C91BC942}") = "BlurBrush", "IE_Tool\BlurBrush\BlurBrush.vcxproj", "{A1F5D374-1AE4-43A9-B269-47151970AC94}"
EndProject
Project("{8BC9CEB8-8B4A-11D0-8D11-00A0C91BC942}") = "ChangeResolution", "IE_Command\ChangeResolution\ChangeResolution.vcxproj", "{1757CDB8-6B2C-4F10-B777-3C31B000E293}"
EndProject
Project("{8BC9CEB8-8B4A-11D0-8D11-00A0C91BC942}") = "StartEventCapture", "IE_Command\StartEventCapture\StartEventCapture.vcxproj", "{902280E7-E57F-47D1-BEB7-20119203B667}"
EndProject
Project("{8BC9CEB8-8B4A-11D0-8D11-00A0C91BC942}") = "EndEventCapture", "IE_Command\EndEventCapture\EndEventCapture.vcxproj", "{E9A72328-A3B3-4712-ADC9-66E63022864D}"
EndProject
Project("{8BC9CEB8-8B4A-11D0-8D11-00A0C91BC942}") = "PlayEventCapture", "IE_Command\PlayEventCapture\PlayEventCapture.vcxproj", "{58C9B51A-3F4A-41A5-BAEE-6850807999CF}"
EndProject
Project("{8BC9CEB8-8B4A-11D0-8D11-00A0C91BC942}") = "tinyxml", "3rdparty\tinyxml\tinyxml_lib.vcxproj", "{C406DAEC-0886-4771-8DEA-9D7329B46CC1}"
EndProject
Project("{8BC9CEB8-8B4A-11D0-8D11-00A0C91BC942}") = "libglog_static", "3rdparty\glog-0.3.1\vsprojects\libglog_static\libglog_static.vcxproj", "{772C2111-BBBF-49E6-B912-198A7F7A88E5}"
EndProject
Project("{8BC9CEB8-8B4A-11D0-8D11-00A0C91BC942}") = "Test_libImgEdit", "Test_libImgEdit\Test_libImgEdit.vcxproj", "{A7F8E22D-195C-4BD4-89D1-CEC3FEB33B64}"
	ProjectSection(ProjectDependencies) = postProject
		{A4769DC9-7D0E-4C7F-B65D-09004EAAFF71} = {A4769DC9-7D0E-4C7F-B65D-09004EAAFF71}
		{E8904BE0-F438-408D-A7F7-BF93C6635DA8} = {E8904BE0-F438-408D-A7F7-BF93C6635DA8}
	EndProjectSection
EndProject
Project("{8BC9CEB8-8B4A-11D0-8D11-00A0C91BC942}") = "ViewFlipH", "IE_Command\ViewFlipH\ViewFlipH.vcxproj", "{6F96C861-08C7-4EA5-A250-DC895395A376}"
EndProject
Project("{8BC9CEB8-8B4A-11D0-8D11-00A0C91BC942}") = "ViewFlipV", "IE_Command\ViewFlipV\ViewFlipV.vcxproj", "{68F416CF-E2D9-4DD5-ACB5-8C1F6041688F}"
EndProject
Project("{8BC9CEB8-8B4A-11D0-8D11-00A0C91BC942}") = "E_LaughingMan", "IE_Effect\E_LaughingMan\E_Laugh_man.vcxproj", "{D437A69A-FB5A-481E-A650-6D2DEBA401F4}"
EndProject
Project("{8BC9CEB8-8B4A-11D0-8D11-00A0C91BC942}") = "Test_UtilOpenCV", "Test_UtilOpenCV\Test_UtilOpenCV.vcxproj", "{1DE390A1-F7D8-44DC-BC11-39E9DC249630}"
	ProjectSection(ProjectDependencies) = postProject
		{A4769DC9-7D0E-4C7F-B65D-09004EAAFF71} = {A4769DC9-7D0E-4C7F-B65D-09004EAAFF71}
		{E8904BE0-F438-408D-A7F7-BF93C6635DA8} = {E8904BE0-F438-408D-A7F7-BF93C6635DA8}
	EndProjectSection
EndProject
Project("{8BC9CEB8-8B4A-11D0-8D11-00A0C91BC942}") = "Test_frayer", "Test_frayer\Test_frayer.vcxproj", "{37189AC2-CD58-473F-BFE6-57CBC31E7FAE}"
	ProjectSection(ProjectDependencies) = postProject
		{A3D2592F-FD40-4A8F-B610-BD0F30F73774} = {A3D2592F-FD40-4A8F-B610-BD0F30F73774}
		{A4769DC9-7D0E-4C7F-B65D-09004EAAFF71} = {A4769DC9-7D0E-4C7F-B65D-09004EAAFF71}
		{E8904BE0-F438-408D-A7F7-BF93C6635DA8} = {E8904BE0-F438-408D-A7F7-BF93C6635DA8}
		{6AB6ECF6-F3E5-4BC8-98C5-05E077D327E8} = {6AB6ECF6-F3E5-4BC8-98C5-05E077D327E8}
	EndProjectSection
EndProject
Global
	GlobalSection(SolutionConfigurationPlatforms) = preSolution
		Debug|Win32 = Debug|Win32
		Debug|x64 = Debug|x64
		Release|Win32 = Release|Win32
		Release|x64 = Release|x64
	EndGlobalSection
	GlobalSection(ProjectConfigurationPlatforms) = postSolution
		{EC721B7E-3FF5-421E-8B12-35445BF4CE1A}.Debug|Win32.ActiveCfg = Debug|Win32
		{EC721B7E-3FF5-421E-8B12-35445BF4CE1A}.Debug|Win32.Build.0 = Debug|Win32
		{EC721B7E-3FF5-421E-8B12-35445BF4CE1A}.Debug|x64.ActiveCfg = Debug|x64
		{EC721B7E-3FF5-421E-8B12-35445BF4CE1A}.Debug|x64.Build.0 = Debug|x64
		{EC721B7E-3FF5-421E-8B12-35445BF4CE1A}.Release|Win32.ActiveCfg = Release|Win32
		{EC721B7E-3FF5-421E-8B12-35445BF4CE1A}.Release|Win32.Build.0 = Release|Win32
		{EC721B7E-3FF5-421E-8B12-35445BF4CE1A}.Release|x64.ActiveCfg = Release|x64
		{EC721B7E-3FF5-421E-8B12-35445BF4CE1A}.Release|x64.Build.0 = Release|x64
		{89D07FAB-F6E6-4817-8CCB-EF4B31315A71}.Debug|Win32.ActiveCfg = Debug|Win32
		{89D07FAB-F6E6-4817-8CCB-EF4B31315A71}.Debug|Win32.Build.0 = Debug|Win32
		{89D07FAB-F6E6-4817-8CCB-EF4B31315A71}.Debug|x64.ActiveCfg = Debug|x64
		{89D07FAB-F6E6-4817-8CCB-EF4B31315A71}.Debug|x64.Build.0 = Debug|x64
		{89D07FAB-F6E6-4817-8CCB-EF4B31315A71}.Release|Win32.ActiveCfg = Release|Win32
		{89D07FAB-F6E6-4817-8CCB-EF4B31315A71}.Release|Win32.Build.0 = Release|Win32
		{89D07FAB-F6E6-4817-8CCB-EF4B31315A71}.Release|x64.ActiveCfg = Release|x64
		{89D07FAB-F6E6-4817-8CCB-EF4B31315A71}.Release|x64.Build.0 = Release|x64
		{FC92EE24-DD12-4AF1-84F3-28878D405C10}.Debug|Win32.ActiveCfg = Debug|Win32
		{FC92EE24-DD12-4AF1-84F3-28878D405C10}.Debug|Win32.Build.0 = Debug|Win32
		{FC92EE24-DD12-4AF1-84F3-28878D405C10}.Debug|x64.ActiveCfg = Debug|x64
		{FC92EE24-DD12-4AF1-84F3-28878D405C10}.Debug|x64.Build.0 = Debug|x64
		{FC92EE24-DD12-4AF1-84F3-28878D405C10}.Release|Win32.ActiveCfg = Release|Win32
		{FC92EE24-DD12-4AF1-84F3-28878D405C10}.Release|Win32.Build.0 = Release|Win32
		{FC92EE24-DD12-4AF1-84F3-28878D405C10}.Release|x64.ActiveCfg = Release|x64
		{FC92EE24-DD12-4AF1-84F3-28878D405C10}.Release|x64.Build.0 = Release|x64
		{322F9E8A-9E66-484B-A80F-BA584C72D439}.Debug|Win32.ActiveCfg = Debug|Win32
		{322F9E8A-9E66-484B-A80F-BA584C72D439}.Debug|Win32.Build.0 = Debug|Win32
		{322F9E8A-9E66-484B-A80F-BA584C72D439}.Debug|x64.ActiveCfg = Debug|x64
		{322F9E8A-9E66-484B-A80F-BA584C72D439}.Debug|x64.Build.0 = Debug|x64
		{322F9E8A-9E66-484B-A80F-BA584C72D439}.Release|Win32.ActiveCfg = Release|Win32
		{322F9E8A-9E66-484B-A80F-BA584C72D439}.Release|Win32.Build.0 = Release|Win32
		{322F9E8A-9E66-484B-A80F-BA584C72D439}.Release|x64.ActiveCfg = Release|x64
		{322F9E8A-9E66-484B-A80F-BA584C72D439}.Release|x64.Build.0 = Release|x64
		{0EA0F6F1-2DC8-4A1D-B0EF-DED47BB3DDC8}.Debug|Win32.ActiveCfg = Debug|Win32
		{0EA0F6F1-2DC8-4A1D-B0EF-DED47BB3DDC8}.Debug|Win32.Build.0 = Debug|Win32
		{0EA0F6F1-2DC8-4A1D-B0EF-DED47BB3DDC8}.Debug|x64.ActiveCfg = Debug|x64
		{0EA0F6F1-2DC8-4A1D-B0EF-DED47BB3DDC8}.Debug|x64.Build.0 = Debug|x64
		{0EA0F6F1-2DC8-4A1D-B0EF-DED47BB3DDC8}.Release|Win32.ActiveCfg = Release|Win32
		{0EA0F6F1-2DC8-4A1D-B0EF-DED47BB3DDC8}.Release|Win32.Build.0 = Release|Win32
		{0EA0F6F1-2DC8-4A1D-B0EF-DED47BB3DDC8}.Release|x64.ActiveCfg = Release|x64
		{0EA0F6F1-2DC8-4A1D-B0EF-DED47BB3DDC8}.Release|x64.Build.0 = Release|x64
		{BF676151-5C2B-4338-B629-C5A753073112}.Debug|Win32.ActiveCfg = Debug|Win32
		{BF676151-5C2B-4338-B629-C5A753073112}.Debug|Win32.Build.0 = Debug|Win32
		{BF676151-5C2B-4338-B629-C5A753073112}.Debug|x64.ActiveCfg = Debug|x64
		{BF676151-5C2B-4338-B629-C5A753073112}.Debug|x64.Build.0 = Debug|x64
		{BF676151-5C2B-4338-B629-C5A753073112}.Release|Win32.ActiveCfg = Release|Win32
		{BF676151-5C2B-4338-B629-C5A753073112}.Release|Win32.Build.0 = Release|Win32
		{BF676151-5C2B-4338-B629-C5A753073112}.Release|x64.ActiveCfg = Release|x64
		{BF676151-5C2B-4338-B629-C5A753073112}.Release|x64.Build.0 = Release|x64
		{C9E557A9-1BCC-4721-96A7-58C5FE3EC0D9}.Debug|Win32.ActiveCfg = Debug|Win32
		{C9E557A9-1BCC-4721-96A7-58C5FE3EC0D9}.Debug|Win32.Build.0 = Debug|Win32
		{C9E557A9-1BCC-4721-96A7-58C5FE3EC0D9}.Debug|x64.ActiveCfg = Debug|x64
		{C9E557A9-1BCC-4721-96A7-58C5FE3EC0D9}.Debug|x64.Build.0 = Debug|x64
		{C9E557A9-1BCC-4721-96A7-58C5FE3EC0D9}.Release|Win32.ActiveCfg = Release|Win32
		{C9E557A9-1BCC-4721-96A7-58C5FE3EC0D9}.Release|Win32.Build.0 = Release|Win32
		{C9E557A9-1BCC-4721-96A7-58C5FE3EC0D9}.Release|x64.ActiveCfg = Release|x64
		{C9E557A9-1BCC-4721-96A7-58C5FE3EC0D9}.Release|x64.Build.0 = Release|x64
		{58244C56-788F-4329-84F1-C22DDBEFD26B}.Debug|Win32.ActiveCfg = Debug|Win32
		{58244C56-788F-4329-84F1-C22DDBEFD26B}.Debug|Win32.Build.0 = Debug|Win32
		{58244C56-788F-4329-84F1-C22DDBEFD26B}.Debug|x64.ActiveCfg = Debug|x64
		{58244C56-788F-4329-84F1-C22DDBEFD26B}.Debug|x64.Build.0 = Debug|x64
		{58244C56-788F-4329-84F1-C22DDBEFD26B}.Release|Win32.ActiveCfg = Release|Win32
		{58244C56-788F-4329-84F1-C22DDBEFD26B}.Release|Win32.Build.0 = Release|Win32
		{58244C56-788F-4329-84F1-C22DDBEFD26B}.Release|x64.ActiveCfg = Release|x64
		{58244C56-788F-4329-84F1-C22DDBEFD26B}.Release|x64.Build.0 = Release|x64
		{5A8441C6-5F63-43E7-91EE-488D86B18FDC}.Debug|Win32.ActiveCfg = Debug|Win32
		{5A8441C6-5F63-43E7-91EE-488D86B18FDC}.Debug|Win32.Build.0 = Debug|Win32
		{5A8441C6-5F63-43E7-91EE-488D86B18FDC}.Debug|x64.ActiveCfg = Debug|x64
		{5A8441C6-5F63-43E7-91EE-488D86B18FDC}.Debug|x64.Build.0 = Debug|x64
		{5A8441C6-5F63-43E7-91EE-488D86B18FDC}.Release|Win32.ActiveCfg = Release|Win32
		{5A8441C6-5F63-43E7-91EE-488D86B18FDC}.Release|Win32.Build.0 = Release|Win32
		{5A8441C6-5F63-43E7-91EE-488D86B18FDC}.Release|x64.ActiveCfg = Release|x64
		{5A8441C6-5F63-43E7-91EE-488D86B18FDC}.Release|x64.Build.0 = Release|x64
		{143220E7-B967-452C-B140-B0906B01A446}.Debug|Win32.ActiveCfg = Debug|Win32
		{143220E7-B967-452C-B140-B0906B01A446}.Debug|Win32.Build.0 = Debug|Win32
		{143220E7-B967-452C-B140-B0906B01A446}.Debug|x64.ActiveCfg = Debug|x64
		{143220E7-B967-452C-B140-B0906B01A446}.Debug|x64.Build.0 = Debug|x64
		{143220E7-B967-452C-B140-B0906B01A446}.Release|Win32.ActiveCfg = Release|Win32
		{143220E7-B967-452C-B140-B0906B01A446}.Release|Win32.Build.0 = Release|Win32
		{143220E7-B967-452C-B140-B0906B01A446}.Release|x64.ActiveCfg = Release|x64
		{143220E7-B967-452C-B140-B0906B01A446}.Release|x64.Build.0 = Release|x64
		{1DA3789A-1B22-469D-A14C-9CA23255F3D8}.Debug|Win32.ActiveCfg = Debug|Win32
		{1DA3789A-1B22-469D-A14C-9CA23255F3D8}.Debug|Win32.Build.0 = Debug|Win32
		{1DA3789A-1B22-469D-A14C-9CA23255F3D8}.Debug|x64.ActiveCfg = Debug|x64
		{1DA3789A-1B22-469D-A14C-9CA23255F3D8}.Debug|x64.Build.0 = Debug|x64
		{1DA3789A-1B22-469D-A14C-9CA23255F3D8}.Release|Win32.ActiveCfg = Release|Win32
		{1DA3789A-1B22-469D-A14C-9CA23255F3D8}.Release|Win32.Build.0 = Release|Win32
		{1DA3789A-1B22-469D-A14C-9CA23255F3D8}.Release|x64.ActiveCfg = Release|x64
		{1DA3789A-1B22-469D-A14C-9CA23255F3D8}.Release|x64.Build.0 = Release|x64
		{8540E8C0-B8FC-45C2-90E8-01C43D77AA3B}.Debug|Win32.ActiveCfg = Debug|Win32
		{8540E8C0-B8FC-45C2-90E8-01C43D77AA3B}.Debug|Win32.Build.0 = Debug|Win32
		{8540E8C0-B8FC-45C2-90E8-01C43D77AA3B}.Debug|x64.ActiveCfg = Debug|x64
		{8540E8C0-B8FC-45C2-90E8-01C43D77AA3B}.Debug|x64.Build.0 = Debug|x64
		{8540E8C0-B8FC-45C2-90E8-01C43D77AA3B}.Release|Win32.ActiveCfg = Release|Win32
		{8540E8C0-B8FC-45C2-90E8-01C43D77AA3B}.Release|Win32.Build.0 = Release|Win32
		{8540E8C0-B8FC-45C2-90E8-01C43D77AA3B}.Release|x64.ActiveCfg = Release|x64
		{8540E8C0-B8FC-45C2-90E8-01C43D77AA3B}.Release|x64.Build.0 = Release|x64
		{5A652706-80D9-4AD3-B796-40A6D67F0417}.Debug|Win32.ActiveCfg = Debug|Win32
		{5A652706-80D9-4AD3-B796-40A6D67F0417}.Debug|Win32.Build.0 = Debug|Win32
		{5A652706-80D9-4AD3-B796-40A6D67F0417}.Debug|x64.ActiveCfg = Debug|x64
		{5A652706-80D9-4AD3-B796-40A6D67F0417}.Debug|x64.Build.0 = Debug|x64
		{5A652706-80D9-4AD3-B796-40A6D67F0417}.Release|Win32.ActiveCfg = Release|Win32
		{5A652706-80D9-4AD3-B796-40A6D67F0417}.Release|Win32.Build.0 = Release|Win32
		{5A652706-80D9-4AD3-B796-40A6D67F0417}.Release|x64.ActiveCfg = Release|x64
		{5A652706-80D9-4AD3-B796-40A6D67F0417}.Release|x64.Build.0 = Release|x64
		{C5F6F759-ABC3-444D-9F34-96CE4DF8824C}.Debug|Win32.ActiveCfg = Debug|Win32
		{C5F6F759-ABC3-444D-9F34-96CE4DF8824C}.Debug|Win32.Build.0 = Debug|Win32
		{C5F6F759-ABC3-444D-9F34-96CE4DF8824C}.Debug|x64.ActiveCfg = Debug|x64
		{C5F6F759-ABC3-444D-9F34-96CE4DF8824C}.Debug|x64.Build.0 = Debug|x64
		{C5F6F759-ABC3-444D-9F34-96CE4DF8824C}.Release|Win32.ActiveCfg = Release|Win32
		{C5F6F759-ABC3-444D-9F34-96CE4DF8824C}.Release|Win32.Build.0 = Release|Win32
		{C5F6F759-ABC3-444D-9F34-96CE4DF8824C}.Release|x64.ActiveCfg = Release|x64
		{C5F6F759-ABC3-444D-9F34-96CE4DF8824C}.Release|x64.Build.0 = Release|x64
		{1EB01C95-772C-4490-9840-C6D6B7343849}.Debug|Win32.ActiveCfg = Debug|Win32
		{1EB01C95-772C-4490-9840-C6D6B7343849}.Debug|Win32.Build.0 = Debug|Win32
		{1EB01C95-772C-4490-9840-C6D6B7343849}.Debug|x64.ActiveCfg = Debug|x64
		{1EB01C95-772C-4490-9840-C6D6B7343849}.Debug|x64.Build.0 = Debug|x64
		{1EB01C95-772C-4490-9840-C6D6B7343849}.Release|Win32.ActiveCfg = Release|Win32
		{1EB01C95-772C-4490-9840-C6D6B7343849}.Release|Win32.Build.0 = Release|Win32
		{1EB01C95-772C-4490-9840-C6D6B7343849}.Release|x64.ActiveCfg = Release|x64
		{1EB01C95-772C-4490-9840-C6D6B7343849}.Release|x64.Build.0 = Release|x64
		{0D6DC3E0-A833-4524-9C9A-992467613F29}.Debug|Win32.ActiveCfg = Debug|Win32
		{0D6DC3E0-A833-4524-9C9A-992467613F29}.Debug|Win32.Build.0 = Debug|Win32
		{0D6DC3E0-A833-4524-9C9A-992467613F29}.Debug|x64.ActiveCfg = Debug|x64
		{0D6DC3E0-A833-4524-9C9A-992467613F29}.Debug|x64.Build.0 = Debug|x64
		{0D6DC3E0-A833-4524-9C9A-992467613F29}.Release|Win32.ActiveCfg = Release|Win32
		{0D6DC3E0-A833-4524-9C9A-992467613F29}.Release|Win32.Build.0 = Release|Win32
		{0D6DC3E0-A833-4524-9C9A-992467613F29}.Release|x64.ActiveCfg = Release|x64
		{0D6DC3E0-A833-4524-9C9A-992467613F29}.Release|x64.Build.0 = Release|x64
		{844BF364-166D-4AC5-AF6F-E8EC979B239C}.Debug|Win32.ActiveCfg = Debug|Win32
		{844BF364-166D-4AC5-AF6F-E8EC979B239C}.Debug|Win32.Build.0 = Debug|Win32
		{844BF364-166D-4AC5-AF6F-E8EC979B239C}.Debug|x64.ActiveCfg = Debug|x64
		{844BF364-166D-4AC5-AF6F-E8EC979B239C}.Debug|x64.Build.0 = Debug|x64
		{844BF364-166D-4AC5-AF6F-E8EC979B239C}.Release|Win32.ActiveCfg = Release|Win32
		{844BF364-166D-4AC5-AF6F-E8EC979B239C}.Release|Win32.Build.0 = Release|Win32
		{844BF364-166D-4AC5-AF6F-E8EC979B239C}.Release|x64.ActiveCfg = Release|x64
		{844BF364-166D-4AC5-AF6F-E8EC979B239C}.Release|x64.Build.0 = Release|x64
		{E9E52750-19D7-4427-8B51-32337A32C2C3}.Debug|Win32.ActiveCfg = Debug|Win32
		{E9E52750-19D7-4427-8B51-32337A32C2C3}.Debug|Win32.Build.0 = Debug|Win32
		{E9E52750-19D7-4427-8B51-32337A32C2C3}.Debug|x64.ActiveCfg = Debug|x64
		{E9E52750-19D7-4427-8B51-32337A32C2C3}.Debug|x64.Build.0 = Debug|x64
		{E9E52750-19D7-4427-8B51-32337A32C2C3}.Release|Win32.ActiveCfg = Release|Win32
		{E9E52750-19D7-4427-8B51-32337A32C2C3}.Release|Win32.Build.0 = Release|Win32
		{E9E52750-19D7-4427-8B51-32337A32C2C3}.Release|x64.ActiveCfg = Release|x64
		{E9E52750-19D7-4427-8B51-32337A32C2C3}.Release|x64.Build.0 = Release|x64
		{652AFF63-E031-4F60-BDC5-C9B519E6EE14}.Debug|Win32.ActiveCfg = Debug|Win32
		{652AFF63-E031-4F60-BDC5-C9B519E6EE14}.Debug|Win32.Build.0 = Debug|Win32
		{652AFF63-E031-4F60-BDC5-C9B519E6EE14}.Debug|x64.ActiveCfg = Debug|x64
		{652AFF63-E031-4F60-BDC5-C9B519E6EE14}.Debug|x64.Build.0 = Debug|x64
		{652AFF63-E031-4F60-BDC5-C9B519E6EE14}.Release|Win32.ActiveCfg = Release|Win32
		{652AFF63-E031-4F60-BDC5-C9B519E6EE14}.Release|Win32.Build.0 = Release|Win32
		{652AFF63-E031-4F60-BDC5-C9B519E6EE14}.Release|x64.ActiveCfg = Release|x64
		{652AFF63-E031-4F60-BDC5-C9B519E6EE14}.Release|x64.Build.0 = Release|x64
		{CCF6AB16-E705-40DE-8F3B-AE94FCE7ED1B}.Debug|Win32.ActiveCfg = Debug|Win32
		{CCF6AB16-E705-40DE-8F3B-AE94FCE7ED1B}.Debug|Win32.Build.0 = Debug|Win32
		{CCF6AB16-E705-40DE-8F3B-AE94FCE7ED1B}.Debug|x64.ActiveCfg = Debug|x64
		{CCF6AB16-E705-40DE-8F3B-AE94FCE7ED1B}.Debug|x64.Build.0 = Debug|x64
		{CCF6AB16-E705-40DE-8F3B-AE94FCE7ED1B}.Release|Win32.ActiveCfg = Release|Win32
		{CCF6AB16-E705-40DE-8F3B-AE94FCE7ED1B}.Release|Win32.Build.0 = Release|Win32
		{CCF6AB16-E705-40DE-8F3B-AE94FCE7ED1B}.Release|x64.ActiveCfg = Release|x64
		{CCF6AB16-E705-40DE-8F3B-AE94FCE7ED1B}.Release|x64.Build.0 = Release|x64
		{277B5DEC-C768-4FE0-B8A2-42F331F5080E}.Debug|Win32.ActiveCfg = Debug|Win32
		{277B5DEC-C768-4FE0-B8A2-42F331F5080E}.Debug|Win32.Build.0 = Debug|Win32
		{277B5DEC-C768-4FE0-B8A2-42F331F5080E}.Debug|x64.ActiveCfg = Debug|x64
		{277B5DEC-C768-4FE0-B8A2-42F331F5080E}.Debug|x64.Build.0 = Debug|x64
		{277B5DEC-C768-4FE0-B8A2-42F331F5080E}.Release|Win32.ActiveCfg = Release|Win32
		{277B5DEC-C768-4FE0-B8A2-42F331F5080E}.Release|Win32.Build.0 = Release|Win32
		{277B5DEC-C768-4FE0-B8A2-42F331F5080E}.Release|x64.ActiveCfg = Release|x64
		{277B5DEC-C768-4FE0-B8A2-42F331F5080E}.Release|x64.Build.0 = Release|x64
		{6AB6ECF6-F3E5-4BC8-98C5-05E077D327E8}.Debug|Win32.ActiveCfg = Debug|Win32
		{6AB6ECF6-F3E5-4BC8-98C5-05E077D327E8}.Debug|Win32.Build.0 = Debug|Win32
		{6AB6ECF6-F3E5-4BC8-98C5-05E077D327E8}.Debug|x64.ActiveCfg = Debug|x64
		{6AB6ECF6-F3E5-4BC8-98C5-05E077D327E8}.Debug|x64.Build.0 = Debug|x64
		{6AB6ECF6-F3E5-4BC8-98C5-05E077D327E8}.Release|Win32.ActiveCfg = Release|Win32
		{6AB6ECF6-F3E5-4BC8-98C5-05E077D327E8}.Release|Win32.Build.0 = Release|Win32
		{6AB6ECF6-F3E5-4BC8-98C5-05E077D327E8}.Release|x64.ActiveCfg = Release|x64
		{6AB6ECF6-F3E5-4BC8-98C5-05E077D327E8}.Release|x64.Build.0 = Release|x64
		{6CD98149-382E-40AF-B298-C5E0BF3D412B}.Debug|Win32.ActiveCfg = Debug|Win32
		{6CD98149-382E-40AF-B298-C5E0BF3D412B}.Debug|Win32.Build.0 = Debug|Win32
		{6CD98149-382E-40AF-B298-C5E0BF3D412B}.Debug|x64.ActiveCfg = Debug|x64
		{6CD98149-382E-40AF-B298-C5E0BF3D412B}.Debug|x64.Build.0 = Debug|x64
		{6CD98149-382E-40AF-B298-C5E0BF3D412B}.Release|Win32.ActiveCfg = Release|Win32
		{6CD98149-382E-40AF-B298-C5E0BF3D412B}.Release|Win32.Build.0 = Release|Win32
		{6CD98149-382E-40AF-B298-C5E0BF3D412B}.Release|x64.ActiveCfg = Release|x64
		{6CD98149-382E-40AF-B298-C5E0BF3D412B}.Release|x64.Build.0 = Release|x64
		{2D821C81-649A-429F-AD95-17825C4895F8}.Debug|Win32.ActiveCfg = Debug|Win32
		{2D821C81-649A-429F-AD95-17825C4895F8}.Debug|Win32.Build.0 = Debug|Win32
		{2D821C81-649A-429F-AD95-17825C4895F8}.Debug|x64.ActiveCfg = Debug|x64
		{2D821C81-649A-429F-AD95-17825C4895F8}.Debug|x64.Build.0 = Debug|x64
		{2D821C81-649A-429F-AD95-17825C4895F8}.Release|Win32.ActiveCfg = Release|Win32
		{2D821C81-649A-429F-AD95-17825C4895F8}.Release|Win32.Build.0 = Release|Win32
		{2D821C81-649A-429F-AD95-17825C4895F8}.Release|x64.ActiveCfg = Release|x64
		{2D821C81-649A-429F-AD95-17825C4895F8}.Release|x64.Build.0 = Release|x64
		{04281CE6-2F4F-4F6F-815D-E2837399AAA3}.Debug|Win32.ActiveCfg = Debug|Win32
		{04281CE6-2F4F-4F6F-815D-E2837399AAA3}.Debug|Win32.Build.0 = Debug|Win32
		{04281CE6-2F4F-4F6F-815D-E2837399AAA3}.Debug|x64.ActiveCfg = Debug|x64
		{04281CE6-2F4F-4F6F-815D-E2837399AAA3}.Debug|x64.Build.0 = Debug|x64
		{04281CE6-2F4F-4F6F-815D-E2837399AAA3}.Release|Win32.ActiveCfg = Release|Win32
		{04281CE6-2F4F-4F6F-815D-E2837399AAA3}.Release|Win32.Build.0 = Release|Win32
		{04281CE6-2F4F-4F6F-815D-E2837399AAA3}.Release|x64.ActiveCfg = Release|x64
		{04281CE6-2F4F-4F6F-815D-E2837399AAA3}.Release|x64.Build.0 = Release|x64
		{EFB00D7F-63C9-4EFB-8A75-4E7F1CAFD11A}.Debug|Win32.ActiveCfg = Debug|Win32
		{EFB00D7F-63C9-4EFB-8A75-4E7F1CAFD11A}.Debug|Win32.Build.0 = Debug|Win32
		{EFB00D7F-63C9-4EFB-8A75-4E7F1CAFD11A}.Debug|x64.ActiveCfg = Debug|x64
		{EFB00D7F-63C9-4EFB-8A75-4E7F1CAFD11A}.Debug|x64.Build.0 = Debug|x64
		{EFB00D7F-63C9-4EFB-8A75-4E7F1CAFD11A}.Release|Win32.ActiveCfg = Release|Win32
		{EFB00D7F-63C9-4EFB-8A75-4E7F1CAFD11A}.Release|Win32.Build.0 = Release|Win32
		{EFB00D7F-63C9-4EFB-8A75-4E7F1CAFD11A}.Release|x64.ActiveCfg = Release|x64
		{EFB00D7F-63C9-4EFB-8A75-4E7F1CAFD11A}.Release|x64.Build.0 = Release|x64
		{229A0A5A-0DA1-4797-8BD9-6B74D73EB13B}.Debug|Win32.ActiveCfg = Debug|Win32
		{229A0A5A-0DA1-4797-8BD9-6B74D73EB13B}.Debug|Win32.Build.0 = Debug|Win32
		{229A0A5A-0DA1-4797-8BD9-6B74D73EB13B}.Debug|x64.ActiveCfg = Debug|x64
		{229A0A5A-0DA1-4797-8BD9-6B74D73EB13B}.Debug|x64.Build.0 = Debug|x64
		{229A0A5A-0DA1-4797-8BD9-6B74D73EB13B}.Release|Win32.ActiveCfg = Release|Win32
		{229A0A5A-0DA1-4797-8BD9-6B74D73EB13B}.Release|Win32.Build.0 = Release|Win32
		{229A0A5A-0DA1-4797-8BD9-6B74D73EB13B}.Release|x64.ActiveCfg = Release|x64
		{229A0A5A-0DA1-4797-8BD9-6B74D73EB13B}.Release|x64.Build.0 = Release|x64
		{1FBEFA8F-DBA7-4496-BA07-2A356CB70BCF}.Debug|Win32.ActiveCfg = Debug|Win32
		{1FBEFA8F-DBA7-4496-BA07-2A356CB70BCF}.Debug|Win32.Build.0 = Debug|Win32
		{1FBEFA8F-DBA7-4496-BA07-2A356CB70BCF}.Debug|x64.ActiveCfg = Debug|x64
		{1FBEFA8F-DBA7-4496-BA07-2A356CB70BCF}.Debug|x64.Build.0 = Debug|x64
		{1FBEFA8F-DBA7-4496-BA07-2A356CB70BCF}.Release|Win32.ActiveCfg = Release|Win32
		{1FBEFA8F-DBA7-4496-BA07-2A356CB70BCF}.Release|Win32.Build.0 = Release|Win32
		{1FBEFA8F-DBA7-4496-BA07-2A356CB70BCF}.Release|x64.ActiveCfg = Release|x64
		{1FBEFA8F-DBA7-4496-BA07-2A356CB70BCF}.Release|x64.Build.0 = Release|x64
		{2BAAFC04-C066-46A2-9D08-9ADF9CABD972}.Debug|Win32.ActiveCfg = Debug|Win32
		{2BAAFC04-C066-46A2-9D08-9ADF9CABD972}.Debug|Win32.Build.0 = Debug|Win32
		{2BAAFC04-C066-46A2-9D08-9ADF9CABD972}.Debug|x64.ActiveCfg = Debug|x64
		{2BAAFC04-C066-46A2-9D08-9ADF9CABD972}.Debug|x64.Build.0 = Debug|x64
		{2BAAFC04-C066-46A2-9D08-9ADF9CABD972}.Release|Win32.ActiveCfg = Release|Win32
		{2BAAFC04-C066-46A2-9D08-9ADF9CABD972}.Release|Win32.Build.0 = Release|Win32
		{2BAAFC04-C066-46A2-9D08-9ADF9CABD972}.Release|x64.ActiveCfg = Release|x64
		{2BAAFC04-C066-46A2-9D08-9ADF9CABD972}.Release|x64.Build.0 = Release|x64
		{1BA5AC33-F550-4728-A6CD-787AAB269406}.Debug|Win32.ActiveCfg = Debug|Win32
		{1BA5AC33-F550-4728-A6CD-787AAB269406}.Debug|Win32.Build.0 = Debug|Win32
		{1BA5AC33-F550-4728-A6CD-787AAB269406}.Debug|x64.ActiveCfg = Debug|x64
		{1BA5AC33-F550-4728-A6CD-787AAB269406}.Debug|x64.Build.0 = Debug|x64
		{1BA5AC33-F550-4728-A6CD-787AAB269406}.Release|Win32.ActiveCfg = Release|Win32
		{1BA5AC33-F550-4728-A6CD-787AAB269406}.Release|Win32.Build.0 = Release|Win32
		{1BA5AC33-F550-4728-A6CD-787AAB269406}.Release|x64.ActiveCfg = Release|x64
		{1BA5AC33-F550-4728-A6CD-787AAB269406}.Release|x64.Build.0 = Release|x64
		{2C29F7BD-DA07-460C-B087-02F597758B81}.Debug|Win32.ActiveCfg = Debug|Win32
		{2C29F7BD-DA07-460C-B087-02F597758B81}.Debug|Win32.Build.0 = Debug|Win32
		{2C29F7BD-DA07-460C-B087-02F597758B81}.Debug|x64.ActiveCfg = Debug|x64
		{2C29F7BD-DA07-460C-B087-02F597758B81}.Debug|x64.Build.0 = Debug|x64
		{2C29F7BD-DA07-460C-B087-02F597758B81}.Release|Win32.ActiveCfg = Release|Win32
		{2C29F7BD-DA07-460C-B087-02F597758B81}.Release|Win32.Build.0 = Release|Win32
		{2C29F7BD-DA07-460C-B087-02F597758B81}.Release|x64.ActiveCfg = Release|x64
		{2C29F7BD-DA07-460C-B087-02F597758B81}.Release|x64.Build.0 = Release|x64
		{A4769DC9-7D0E-4C7F-B65D-09004EAAFF71}.Debug|Win32.ActiveCfg = Debug|Win32
		{A4769DC9-7D0E-4C7F-B65D-09004EAAFF71}.Debug|Win32.Build.0 = Debug|Win32
		{A4769DC9-7D0E-4C7F-B65D-09004EAAFF71}.Debug|x64.ActiveCfg = Debug|x64
		{A4769DC9-7D0E-4C7F-B65D-09004EAAFF71}.Debug|x64.Build.0 = Debug|x64
		{A4769DC9-7D0E-4C7F-B65D-09004EAAFF71}.Release|Win32.ActiveCfg = Release|Win32
		{A4769DC9-7D0E-4C7F-B65D-09004EAAFF71}.Release|Win32.Build.0 = Release|Win32
		{A4769DC9-7D0E-4C7F-B65D-09004EAAFF71}.Release|x64.ActiveCfg = Release|x64
		{A4769DC9-7D0E-4C7F-B65D-09004EAAFF71}.Release|x64.Build.0 = Release|x64
		{E8904BE0-F438-408D-A7F7-BF93C6635DA8}.Debug|Win32.ActiveCfg = Debug DLL|Win32
		{E8904BE0-F438-408D-A7F7-BF93C6635DA8}.Debug|Win32.Build.0 = Debug DLL|Win32
		{E8904BE0-F438-408D-A7F7-BF93C6635DA8}.Debug|x64.ActiveCfg = Debug DLL|x64
		{E8904BE0-F438-408D-A7F7-BF93C6635DA8}.Debug|x64.Build.0 = Debug DLL|x64
		{E8904BE0-F438-408D-A7F7-BF93C6635DA8}.Release|Win32.ActiveCfg = Release DLL|Win32
		{E8904BE0-F438-408D-A7F7-BF93C6635DA8}.Release|Win32.Build.0 = Release DLL|Win32
		{E8904BE0-F438-408D-A7F7-BF93C6635DA8}.Release|x64.ActiveCfg = Release DLL|x64
		{E8904BE0-F438-408D-A7F7-BF93C6635DA8}.Release|x64.Build.0 = Release DLL|x64
		{732FADC3-BB7E-4EB1-A4ED-29F04908DFCB}.Debug|Win32.ActiveCfg = Debug|Win32
		{732FADC3-BB7E-4EB1-A4ED-29F04908DFCB}.Debug|Win32.Build.0 = Debug|Win32
		{732FADC3-BB7E-4EB1-A4ED-29F04908DFCB}.Debug|x64.ActiveCfg = Debug|x64
		{732FADC3-BB7E-4EB1-A4ED-29F04908DFCB}.Debug|x64.Build.0 = Debug|x64
		{732FADC3-BB7E-4EB1-A4ED-29F04908DFCB}.Release|Win32.ActiveCfg = Release|Win32
		{732FADC3-BB7E-4EB1-A4ED-29F04908DFCB}.Release|Win32.Build.0 = Release|Win32
		{732FADC3-BB7E-4EB1-A4ED-29F04908DFCB}.Release|x64.ActiveCfg = Release|x64
		{732FADC3-BB7E-4EB1-A4ED-29F04908DFCB}.Release|x64.Build.0 = Release|x64
		{C548D894-F972-492E-919E-6CE73DE58FB5}.Debug|Win32.ActiveCfg = Debug|Win32
		{C548D894-F972-492E-919E-6CE73DE58FB5}.Debug|Win32.Build.0 = Debug|Win32
		{C548D894-F972-492E-919E-6CE73DE58FB5}.Debug|x64.ActiveCfg = Debug|x64
		{C548D894-F972-492E-919E-6CE73DE58FB5}.Debug|x64.Build.0 = Debug|x64
		{C548D894-F972-492E-919E-6CE73DE58FB5}.Release|Win32.ActiveCfg = Release|Win32
		{C548D894-F972-492E-919E-6CE73DE58FB5}.Release|Win32.Build.0 = Release|Win32
		{C548D894-F972-492E-919E-6CE73DE58FB5}.Release|x64.ActiveCfg = Release|x64
		{C548D894-F972-492E-919E-6CE73DE58FB5}.Release|x64.Build.0 = Release|x64
		{2217A08B-3F8E-4BAD-987F-64116A91AFCB}.Debug|Win32.ActiveCfg = Debug|Win32
		{2217A08B-3F8E-4BAD-987F-64116A91AFCB}.Debug|Win32.Build.0 = Debug|Win32
		{2217A08B-3F8E-4BAD-987F-64116A91AFCB}.Debug|x64.ActiveCfg = Debug|x64
		{2217A08B-3F8E-4BAD-987F-64116A91AFCB}.Debug|x64.Build.0 = Debug|x64
		{2217A08B-3F8E-4BAD-987F-64116A91AFCB}.Release|Win32.ActiveCfg = Release|Win32
		{2217A08B-3F8E-4BAD-987F-64116A91AFCB}.Release|Win32.Build.0 = Release|Win32
		{2217A08B-3F8E-4BAD-987F-64116A91AFCB}.Release|x64.ActiveCfg = Release|x64
		{2217A08B-3F8E-4BAD-987F-64116A91AFCB}.Release|x64.Build.0 = Release|x64
		{B8CBAA47-2E8B-4A38-8824-864B10A13C72}.Debug|Win32.ActiveCfg = Debug|Win32
		{B8CBAA47-2E8B-4A38-8824-864B10A13C72}.Debug|Win32.Build.0 = Debug|Win32
		{B8CBAA47-2E8B-4A38-8824-864B10A13C72}.Debug|x64.ActiveCfg = Debug|x64
		{B8CBAA47-2E8B-4A38-8824-864B10A13C72}.Debug|x64.Build.0 = Debug|x64
		{B8CBAA47-2E8B-4A38-8824-864B10A13C72}.Release|Win32.ActiveCfg = Release|Win32
		{B8CBAA47-2E8B-4A38-8824-864B10A13C72}.Release|Win32.Build.0 = Release|Win32
		{B8CBAA47-2E8B-4A38-8824-864B10A13C72}.Release|x64.ActiveCfg = Release|x64
		{B8CBAA47-2E8B-4A38-8824-864B10A13C72}.Release|x64.Build.0 = Release|x64
		{7DFE83E5-9B78-4884-B6D8-14D0AE664048}.Debug|Win32.ActiveCfg = Debug|Win32
		{7DFE83E5-9B78-4884-B6D8-14D0AE664048}.Debug|Win32.Build.0 = Debug|Win32
		{7DFE83E5-9B78-4884-B6D8-14D0AE664048}.Debug|x64.ActiveCfg = Debug|x64
		{7DFE83E5-9B78-4884-B6D8-14D0AE664048}.Debug|x64.Build.0 = Debug|x64
		{7DFE83E5-9B78-4884-B6D8-14D0AE664048}.Release|Win32.ActiveCfg = Release|Win32
		{7DFE83E5-9B78-4884-B6D8-14D0AE664048}.Release|Win32.Build.0 = Release|Win32
		{7DFE83E5-9B78-4884-B6D8-14D0AE664048}.Release|x64.ActiveCfg = Release|x64
		{7DFE83E5-9B78-4884-B6D8-14D0AE664048}.Release|x64.Build.0 = Release|x64
		{745BB099-AD72-4795-BC25-5D861C2D0726}.Debug|Win32.ActiveCfg = Debug|Win32
		{745BB099-AD72-4795-BC25-5D861C2D0726}.Debug|Win32.Build.0 = Debug|Win32
		{745BB099-AD72-4795-BC25-5D861C2D0726}.Debug|x64.ActiveCfg = Debug|x64
		{745BB099-AD72-4795-BC25-5D861C2D0726}.Debug|x64.Build.0 = Debug|x64
		{745BB099-AD72-4795-BC25-5D861C2D0726}.Release|Win32.ActiveCfg = Release|Win32
		{745BB099-AD72-4795-BC25-5D861C2D0726}.Release|Win32.Build.0 = Release|Win32
		{745BB099-AD72-4795-BC25-5D861C2D0726}.Release|x64.ActiveCfg = Release|x64
		{745BB099-AD72-4795-BC25-5D861C2D0726}.Release|x64.Build.0 = Release|x64
		{FD6A1DC2-2289-45CD-8CF0-9164E1A65D1B}.Debug|Win32.ActiveCfg = Debug|Win32
		{FD6A1DC2-2289-45CD-8CF0-9164E1A65D1B}.Debug|Win32.Build.0 = Debug|Win32
		{FD6A1DC2-2289-45CD-8CF0-9164E1A65D1B}.Debug|x64.ActiveCfg = Debug|x64
		{FD6A1DC2-2289-45CD-8CF0-9164E1A65D1B}.Debug|x64.Build.0 = Debug|x64
		{FD6A1DC2-2289-45CD-8CF0-9164E1A65D1B}.Release|Win32.ActiveCfg = Release|Win32
		{FD6A1DC2-2289-45CD-8CF0-9164E1A65D1B}.Release|Win32.Build.0 = Release|Win32
		{FD6A1DC2-2289-45CD-8CF0-9164E1A65D1B}.Release|x64.ActiveCfg = Release|x64
		{FD6A1DC2-2289-45CD-8CF0-9164E1A65D1B}.Release|x64.Build.0 = Release|x64
		{ECE67798-0644-4905-AB4E-399B8EF364F2}.Debug|Win32.ActiveCfg = Debug|Win32
		{ECE67798-0644-4905-AB4E-399B8EF364F2}.Debug|Win32.Build.0 = Debug|Win32
		{ECE67798-0644-4905-AB4E-399B8EF364F2}.Debug|x64.ActiveCfg = Debug|x64
		{ECE67798-0644-4905-AB4E-399B8EF364F2}.Debug|x64.Build.0 = Debug|x64
		{ECE67798-0644-4905-AB4E-399B8EF364F2}.Release|Win32.ActiveCfg = Release|Win32
		{ECE67798-0644-4905-AB4E-399B8EF364F2}.Release|Win32.Build.0 = Release|Win32
		{ECE67798-0644-4905-AB4E-399B8EF364F2}.Release|x64.ActiveCfg = Release|x64
		{ECE67798-0644-4905-AB4E-399B8EF364F2}.Release|x64.Build.0 = Release|x64
		{50A50B01-317E-453C-9BAA-2F14FD5AA6B4}.Debug|Win32.ActiveCfg = Debug|Win32
		{50A50B01-317E-453C-9BAA-2F14FD5AA6B4}.Debug|Win32.Build.0 = Debug|Win32
		{50A50B01-317E-453C-9BAA-2F14FD5AA6B4}.Debug|x64.ActiveCfg = Debug|x64
		{50A50B01-317E-453C-9BAA-2F14FD5AA6B4}.Debug|x64.Build.0 = Debug|x64
		{50A50B01-317E-453C-9BAA-2F14FD5AA6B4}.Release|Win32.ActiveCfg = Release|Win32
		{50A50B01-317E-453C-9BAA-2F14FD5AA6B4}.Release|Win32.Build.0 = Release|Win32
		{50A50B01-317E-453C-9BAA-2F14FD5AA6B4}.Release|x64.ActiveCfg = Release|x64
		{50A50B01-317E-453C-9BAA-2F14FD5AA6B4}.Release|x64.Build.0 = Release|x64
		{A3D2592F-FD40-4A8F-B610-BD0F30F73774}.Debug|Win32.ActiveCfg = Debug|Win32
		{A3D2592F-FD40-4A8F-B610-BD0F30F73774}.Debug|Win32.Build.0 = Debug|Win32
		{A3D2592F-FD40-4A8F-B610-BD0F30F73774}.Debug|x64.ActiveCfg = Debug|x64
		{A3D2592F-FD40-4A8F-B610-BD0F30F73774}.Debug|x64.Build.0 = Debug|x64
		{A3D2592F-FD40-4A8F-B610-BD0F30F73774}.Release|Win32.ActiveCfg = Release|Win32
		{A3D2592F-FD40-4A8F-B610-BD0F30F73774}.Release|Win32.Build.0 = Release|Win32
		{A3D2592F-FD40-4A8F-B610-BD0F30F73774}.Release|x64.ActiveCfg = Release|x64
		{A3D2592F-FD40-4A8F-B610-BD0F30F73774}.Release|x64.Build.0 = Release|x64
		{F19B25E7-BAA4-496F-93E6-F343B1397F0A}.Debug|Win32.ActiveCfg = Debug|Win32
		{F19B25E7-BAA4-496F-93E6-F343B1397F0A}.Debug|Win32.Build.0 = Debug|Win32
		{F19B25E7-BAA4-496F-93E6-F343B1397F0A}.Debug|x64.ActiveCfg = Debug|x64
		{F19B25E7-BAA4-496F-93E6-F343B1397F0A}.Debug|x64.Build.0 = Debug|x64
		{F19B25E7-BAA4-496F-93E6-F343B1397F0A}.Release|Win32.ActiveCfg = Release|Win32
		{F19B25E7-BAA4-496F-93E6-F343B1397F0A}.Release|Win32.Build.0 = Release|Win32
		{F19B25E7-BAA4-496F-93E6-F343B1397F0A}.Release|x64.ActiveCfg = Release|x64
		{F19B25E7-BAA4-496F-93E6-F343B1397F0A}.Release|x64.Build.0 = Release|x64
		{6541AC24-BAD5-40D5-BBFE-EAC807758D76}.Debug|Win32.ActiveCfg = Debug|Win32
		{6541AC24-BAD5-40D5-BBFE-EAC807758D76}.Debug|Win32.Build.0 = Debug|Win32
		{6541AC24-BAD5-40D5-BBFE-EAC807758D76}.Debug|x64.ActiveCfg = Debug|x64
		{6541AC24-BAD5-40D5-BBFE-EAC807758D76}.Debug|x64.Build.0 = Debug|x64
		{6541AC24-BAD5-40D5-BBFE-EAC807758D76}.Release|Win32.ActiveCfg = Release|Win32
		{6541AC24-BAD5-40D5-BBFE-EAC807758D76}.Release|Win32.Build.0 = Release|Win32
		{6541AC24-BAD5-40D5-BBFE-EAC807758D76}.Release|x64.ActiveCfg = Release|x64
		{6541AC24-BAD5-40D5-BBFE-EAC807758D76}.Release|x64.Build.0 = Release|x64
		{1CF98ADC-3F96-4FAA-8878-5C77EB83B723}.Debug|Win32.ActiveCfg = Debug|Win32
		{1CF98ADC-3F96-4FAA-8878-5C77EB83B723}.Debug|Win32.Build.0 = Debug|Win32
		{1CF98ADC-3F96-4FAA-8878-5C77EB83B723}.Debug|x64.ActiveCfg = Debug|x64
		{1CF98ADC-3F96-4FAA-8878-5C77EB83B723}.Debug|x64.Build.0 = Debug|x64
		{1CF98ADC-3F96-4FAA-8878-5C77EB83B723}.Release|Win32.ActiveCfg = Release|Win32
		{1CF98ADC-3F96-4FAA-8878-5C77EB83B723}.Release|Win32.Build.0 = Release|Win32
		{1CF98ADC-3F96-4FAA-8878-5C77EB83B723}.Release|x64.ActiveCfg = Release|x64
		{1CF98ADC-3F96-4FAA-8878-5C77EB83B723}.Release|x64.Build.0 = Release|x64
		{A52480B2-8A9A-4A53-B757-588A115EEB23}.Debug|Win32.ActiveCfg = Debug|Win32
		{A52480B2-8A9A-4A53-B757-588A115EEB23}.Debug|Win32.Build.0 = Debug|Win32
		{A52480B2-8A9A-4A53-B757-588A115EEB23}.Debug|x64.ActiveCfg = Debug|x64
		{A52480B2-8A9A-4A53-B757-588A115EEB23}.Debug|x64.Build.0 = Debug|x64
		{A52480B2-8A9A-4A53-B757-588A115EEB23}.Release|Win32.ActiveCfg = Release|Win32
		{A52480B2-8A9A-4A53-B757-588A115EEB23}.Release|Win32.Build.0 = Release|Win32
		{A52480B2-8A9A-4A53-B757-588A115EEB23}.Release|x64.ActiveCfg = Release|x64
		{A52480B2-8A9A-4A53-B757-588A115EEB23}.Release|x64.Build.0 = Release|x64
		{94396C87-8ECC-4DB8-B7C0-BB1143B128AD}.Debug|Win32.ActiveCfg = Debug|Win32
		{94396C87-8ECC-4DB8-B7C0-BB1143B128AD}.Debug|Win32.Build.0 = Debug|Win32
		{94396C87-8ECC-4DB8-B7C0-BB1143B128AD}.Debug|x64.ActiveCfg = Debug|x64
		{94396C87-8ECC-4DB8-B7C0-BB1143B128AD}.Debug|x64.Build.0 = Debug|x64
		{94396C87-8ECC-4DB8-B7C0-BB1143B128AD}.Release|Win32.ActiveCfg = Release|Win32
		{94396C87-8ECC-4DB8-B7C0-BB1143B128AD}.Release|Win32.Build.0 = Release|Win32
		{94396C87-8ECC-4DB8-B7C0-BB1143B128AD}.Release|x64.ActiveCfg = Release|x64
		{94396C87-8ECC-4DB8-B7C0-BB1143B128AD}.Release|x64.Build.0 = Release|x64
		{69D12563-CC23-4046-A894-F88EB54F7440}.Debug|Win32.ActiveCfg = Debug|Win32
		{69D12563-CC23-4046-A894-F88EB54F7440}.Debug|Win32.Build.0 = Debug|Win32
		{69D12563-CC23-4046-A894-F88EB54F7440}.Debug|x64.ActiveCfg = Debug|x64
		{69D12563-CC23-4046-A894-F88EB54F7440}.Debug|x64.Build.0 = Debug|x64
		{69D12563-CC23-4046-A894-F88EB54F7440}.Release|Win32.ActiveCfg = Release|Win32
		{69D12563-CC23-4046-A894-F88EB54F7440}.Release|Win32.Build.0 = Release|Win32
		{69D12563-CC23-4046-A894-F88EB54F7440}.Release|x64.ActiveCfg = Release|x64
		{69D12563-CC23-4046-A894-F88EB54F7440}.Release|x64.Build.0 = Release|x64
		{C5C1792B-4E03-483A-88FA-46F2DE295327}.Debug|Win32.ActiveCfg = Debug|Win32
		{C5C1792B-4E03-483A-88FA-46F2DE295327}.Debug|Win32.Build.0 = Debug|Win32
		{C5C1792B-4E03-483A-88FA-46F2DE295327}.Debug|x64.ActiveCfg = Debug|x64
		{C5C1792B-4E03-483A-88FA-46F2DE295327}.Debug|x64.Build.0 = Debug|x64
		{C5C1792B-4E03-483A-88FA-46F2DE295327}.Release|Win32.ActiveCfg = Release|Win32
		{C5C1792B-4E03-483A-88FA-46F2DE295327}.Release|Win32.Build.0 = Release|Win32
		{C5C1792B-4E03-483A-88FA-46F2DE295327}.Release|x64.ActiveCfg = Release|x64
		{C5C1792B-4E03-483A-88FA-46F2DE295327}.Release|x64.Build.0 = Release|x64
		{A1F5D374-1AE4-43A9-B269-47151970AC94}.Debug|Win32.ActiveCfg = Debug|Win32
		{A1F5D374-1AE4-43A9-B269-47151970AC94}.Debug|Win32.Build.0 = Debug|Win32
		{A1F5D374-1AE4-43A9-B269-47151970AC94}.Debug|x64.ActiveCfg = Debug|x64
		{A1F5D374-1AE4-43A9-B269-47151970AC94}.Debug|x64.Build.0 = Debug|x64
		{A1F5D374-1AE4-43A9-B269-47151970AC94}.Release|Win32.ActiveCfg = Release|Win32
		{A1F5D374-1AE4-43A9-B269-47151970AC94}.Release|Win32.Build.0 = Release|Win32
		{A1F5D374-1AE4-43A9-B269-47151970AC94}.Release|x64.ActiveCfg = Release|x64
		{A1F5D374-1AE4-43A9-B269-47151970AC94}.Release|x64.Build.0 = Release|x64
		{1757CDB8-6B2C-4F10-B777-3C31B000E293}.Debug|Win32.ActiveCfg = Debug|Win32
		{1757CDB8-6B2C-4F10-B777-3C31B000E293}.Debug|Win32.Build.0 = Debug|Win32
		{1757CDB8-6B2C-4F10-B777-3C31B000E293}.Debug|x64.ActiveCfg = Debug|x64
		{1757CDB8-6B2C-4F10-B777-3C31B000E293}.Debug|x64.Build.0 = Debug|x64
		{1757CDB8-6B2C-4F10-B777-3C31B000E293}.Release|Win32.ActiveCfg = Release|Win32
		{1757CDB8-6B2C-4F10-B777-3C31B000E293}.Release|Win32.Build.0 = Release|Win32
		{1757CDB8-6B2C-4F10-B777-3C31B000E293}.Release|x64.ActiveCfg = Release|x64
		{1757CDB8-6B2C-4F10-B777-3C31B000E293}.Release|x64.Build.0 = Release|x64
		{902280E7-E57F-47D1-BEB7-20119203B667}.Debug|Win32.ActiveCfg = Debug|Win32
		{902280E7-E57F-47D1-BEB7-20119203B667}.Debug|Win32.Build.0 = Debug|Win32
		{902280E7-E57F-47D1-BEB7-20119203B667}.Debug|x64.ActiveCfg = Debug|x64
		{902280E7-E57F-47D1-BEB7-20119203B667}.Debug|x64.Build.0 = Debug|x64
		{902280E7-E57F-47D1-BEB7-20119203B667}.Release|Win32.ActiveCfg = Release|Win32
		{902280E7-E57F-47D1-BEB7-20119203B667}.Release|Win32.Build.0 = Release|Win32
		{902280E7-E57F-47D1-BEB7-20119203B667}.Release|x64.ActiveCfg = Release|x64
		{902280E7-E57F-47D1-BEB7-20119203B667}.Release|x64.Build.0 = Release|x64
		{E9A72328-A3B3-4712-ADC9-66E63022864D}.Debug|Win32.ActiveCfg = Debug|Win32
		{E9A72328-A3B3-4712-ADC9-66E63022864D}.Debug|Win32.Build.0 = Debug|Win32
		{E9A72328-A3B3-4712-ADC9-66E63022864D}.Debug|x64.ActiveCfg = Debug|x64
		{E9A72328-A3B3-4712-ADC9-66E63022864D}.Debug|x64.Build.0 = Debug|x64
		{E9A72328-A3B3-4712-ADC9-66E63022864D}.Release|Win32.ActiveCfg = Release|Win32
		{E9A72328-A3B3-4712-ADC9-66E63022864D}.Release|Win32.Build.0 = Release|Win32
		{E9A72328-A3B3-4712-ADC9-66E63022864D}.Release|x64.ActiveCfg = Release|x64
		{E9A72328-A3B3-4712-ADC9-66E63022864D}.Release|x64.Build.0 = Release|x64
		{58C9B51A-3F4A-41A5-BAEE-6850807999CF}.Debug|Win32.ActiveCfg = Debug|Win32
		{58C9B51A-3F4A-41A5-BAEE-6850807999CF}.Debug|Win32.Build.0 = Debug|Win32
		{58C9B51A-3F4A-41A5-BAEE-6850807999CF}.Debug|x64.ActiveCfg = Debug|x64
		{58C9B51A-3F4A-41A5-BAEE-6850807999CF}.Debug|x64.Build.0 = Debug|x64
		{58C9B51A-3F4A-41A5-BAEE-6850807999CF}.Release|Win32.ActiveCfg = Release|Win32
		{58C9B51A-3F4A-41A5-BAEE-6850807999CF}.Release|Win32.Build.0 = Release|Win32
		{58C9B51A-3F4A-41A5-BAEE-6850807999CF}.Release|x64.ActiveCfg = Release|x64
		{58C9B51A-3F4A-41A5-BAEE-6850807999CF}.Release|x64.Build.0 = Release|x64
		{C406DAEC-0886-4771-8DEA-9D7329B46CC1}.Debug|Win32.ActiveCfg = Debug|Win32
		{C406DAEC-0886-4771-8DEA-9D7329B46CC1}.Debug|Win32.Build.0 = Debug|Win32
		{C406DAEC-0886-4771-8DEA-9D7329B46CC1}.Debug|x64.ActiveCfg = Debug|x64
		{C406DAEC-0886-4771-8DEA-9D7329B46CC1}.Debug|x64.Build.0 = Debug|x64
		{C406DAEC-0886-4771-8DEA-9D7329B46CC1}.Release|Win32.ActiveCfg = Release|Win32
		{C406DAEC-0886-4771-8DEA-9D7329B46CC1}.Release|Win32.Build.0 = Release|Win32
		{C406DAEC-0886-4771-8DEA-9D7329B46CC1}.Release|x64.ActiveCfg = Release|x64
		{C406DAEC-0886-4771-8DEA-9D7329B46CC1}.Release|x64.Build.0 = Release|x64
		{772C2111-BBBF-49E6-B912-198A7F7A88E5}.Debug|Win32.ActiveCfg = Debug|Win32
		{772C2111-BBBF-49E6-B912-198A7F7A88E5}.Debug|Win32.Build.0 = Debug|Win32
		{772C2111-BBBF-49E6-B912-198A7F7A88E5}.Debug|x64.ActiveCfg = Debug|x64
		{772C2111-BBBF-49E6-B912-198A7F7A88E5}.Debug|x64.Build.0 = Debug|x64
		{772C2111-BBBF-49E6-B912-198A7F7A88E5}.Release|Win32.ActiveCfg = Release|Win32
		{772C2111-BBBF-49E6-B912-198A7F7A88E5}.Release|Win32.Build.0 = Release|Win32
		{772C2111-BBBF-49E6-B912-198A7F7A88E5}.Release|x64.ActiveCfg = Release|x64
		{772C2111-BBBF-49E6-B912-198A7F7A88E5}.Release|x64.Build.0 = Release|x64
		{A7F8E22D-195C-4BD4-89D1-CEC3FEB33B64}.Debug|Win32.ActiveCfg = Debug|Win32
		{A7F8E22D-195C-4BD4-89D1-CEC3FEB33B64}.Debug|Win32.Build.0 = Debug|Win32
		{A7F8E22D-195C-4BD4-89D1-CEC3FEB33B64}.Debug|x64.ActiveCfg = Debug|x64
		{A7F8E22D-195C-4BD4-89D1-CEC3FEB33B64}.Debug|x64.Build.0 = Debug|x64
		{A7F8E22D-195C-4BD4-89D1-CEC3FEB33B64}.Release|Win32.ActiveCfg = Release|Win32
		{A7F8E22D-195C-4BD4-89D1-CEC3FEB33B64}.Release|Win32.Build.0 = Release|Win32
		{A7F8E22D-195C-4BD4-89D1-CEC3FEB33B64}.Release|x64.ActiveCfg = Release|x64
		{A7F8E22D-195C-4BD4-89D1-CEC3FEB33B64}.Release|x64.Build.0 = Release|x64
		{6F96C861-08C7-4EA5-A250-DC895395A376}.Debug|Win32.ActiveCfg = Debug|Win32
		{6F96C861-08C7-4EA5-A250-DC895395A376}.Debug|Win32.Build.0 = Debug|Win32
		{6F96C861-08C7-4EA5-A250-DC895395A376}.Debug|x64.ActiveCfg = Debug|x64
		{6F96C861-08C7-4EA5-A250-DC895395A376}.Debug|x64.Build.0 = Debug|x64
		{6F96C861-08C7-4EA5-A250-DC895395A376}.Release|Win32.ActiveCfg = Release|Win32
		{6F96C861-08C7-4EA5-A250-DC895395A376}.Release|Win32.Build.0 = Release|Win32
		{6F96C861-08C7-4EA5-A250-DC895395A376}.Release|x64.ActiveCfg = Release|x64
		{6F96C861-08C7-4EA5-A250-DC895395A376}.Release|x64.Build.0 = Release|x64
		{68F416CF-E2D9-4DD5-ACB5-8C1F6041688F}.Debug|Win32.ActiveCfg = Debug|Win32
		{68F416CF-E2D9-4DD5-ACB5-8C1F6041688F}.Debug|Win32.Build.0 = Debug|Win32
		{68F416CF-E2D9-4DD5-ACB5-8C1F6041688F}.Debug|x64.ActiveCfg = Debug|x64
		{68F416CF-E2D9-4DD5-ACB5-8C1F6041688F}.Debug|x64.Build.0 = Debug|x64
		{68F416CF-E2D9-4DD5-ACB5-8C1F6041688F}.Release|Win32.ActiveCfg = Release|Win32
		{68F416CF-E2D9-4DD5-ACB5-8C1F6041688F}.Release|Win32.Build.0 = Release|Win32
		{68F416CF-E2D9-4DD5-ACB5-8C1F6041688F}.Release|x64.ActiveCfg = Release|x64
		{68F416CF-E2D9-4DD5-ACB5-8C1F6041688F}.Release|x64.Build.0 = Release|x64
		{D437A69A-FB5A-481E-A650-6D2DEBA401F4}.Debug|Win32.ActiveCfg = Debug|Win32
		{D437A69A-FB5A-481E-A650-6D2DEBA401F4}.Debug|Win32.Build.0 = Debug|Win32
		{D437A69A-FB5A-481E-A650-6D2DEBA401F4}.Debug|x64.ActiveCfg = Debug|x64
		{D437A69A-FB5A-481E-A650-6D2DEBA401F4}.Debug|x64.Build.0 = Debug|x64
		{D437A69A-FB5A-481E-A650-6D2DEBA401F4}.Release|Win32.ActiveCfg = Release|Win32
		{D437A69A-FB5A-481E-A650-6D2DEBA401F4}.Release|Win32.Build.0 = Release|Win32
		{D437A69A-FB5A-481E-A650-6D2DEBA401F4}.Release|x64.ActiveCfg = Release|x64
		{D437A69A-FB5A-481E-A650-6D2DEBA401F4}.Release|x64.Build.0 = Release|x64
		{1DE390A1-F7D8-44DC-BC11-39E9DC249630}.Debug|Win32.ActiveCfg = Debug|Win32
		{1DE390A1-F7D8-44DC-BC11-39E9DC249630}.Debug|Win32.Build.0 = Debug|Win32
		{1DE390A1-F7D8-44DC-BC11-39E9DC249630}.Debug|x64.ActiveCfg = Debug|x64
		{1DE390A1-F7D8-44DC-BC11-39E9DC249630}.Debug|x64.Build.0 = Debug|x64
		{1DE390A1-F7D8-44DC-BC11-39E9DC249630}.Release|Win32.ActiveCfg = Release|Win32
		{1DE390A1-F7D8-44DC-BC11-39E9DC249630}.Release|Win32.Build.0 = Release|Win32
		{1DE390A1-F7D8-44DC-BC11-39E9DC249630}.Release|x64.ActiveCfg = Release|x64
		{1DE390A1-F7D8-44DC-BC11-39E9DC249630}.Release|x64.Build.0 = Release|x64
		{37189AC2-CD58-473F-BFE6-57CBC31E7FAE}.Debug|Win32.ActiveCfg = Debug|Win32
		{37189AC2-CD58-473F-BFE6-57CBC31E7FAE}.Debug|Win32.Build.0 = Debug|Win32
		{37189AC2-CD58-473F-BFE6-57CBC31E7FAE}.Debug|x64.ActiveCfg = Debug|x64
		{37189AC2-CD58-473F-BFE6-57CBC31E7FAE}.Debug|x64.Build.0 = Debug|x64
		{37189AC2-CD58-473F-BFE6-57CBC31E7FAE}.Release|Win32.ActiveCfg = Release|Win32
		{37189AC2-CD58-473F-BFE6-57CBC31E7FAE}.Release|Win32.Build.0 = Release|Win32
		{37189AC2-CD58-473F-BFE6-57CBC31E7FAE}.Release|x64.ActiveCfg = Release|x64
		{37189AC2-CD58-473F-BFE6-57CBC31E7FAE}.Release|x64.Build.0 = Release|x64
	EndGlobalSection
	GlobalSection(SolutionProperties) = preSolution
		HideSolutionNode = FALSE
	EndGlobalSection
	GlobalSection(NestedProjects) = preSolution
		{3EF7F39E-5A79-4D69-BB12-D4CC09431D4A} = {4A9F3092-230D-4FA2-89D9-71A67611E2D8}
		{6F7729DD-34F7-41A5-8433-F37C8B31B28A} = {4A9F3092-230D-4FA2-89D9-71A67611E2D8}
		{97551DB7-AF3C-4B63-B08E-8B08048F25EC} = {4A9F3092-230D-4FA2-89D9-71A67611E2D8}
		{EC721B7E-3FF5-421E-8B12-35445BF4CE1A} = {4A9F3092-230D-4FA2-89D9-71A67611E2D8}
		{89D07FAB-F6E6-4817-8CCB-EF4B31315A71} = {4A9F3092-230D-4FA2-89D9-71A67611E2D8}
		{FC92EE24-DD12-4AF1-84F3-28878D405C10} = {4A9F3092-230D-4FA2-89D9-71A67611E2D8}
		{FD6A1DC2-2289-45CD-8CF0-9164E1A65D1B} = {4A9F3092-230D-4FA2-89D9-71A67611E2D8}
		{F19B25E7-BAA4-496F-93E6-F343B1397F0A} = {4A9F3092-230D-4FA2-89D9-71A67611E2D8}
		{1CF98ADC-3F96-4FAA-8878-5C77EB83B723} = {4A9F3092-230D-4FA2-89D9-71A67611E2D8}
		{C5C1792B-4E03-483A-88FA-46F2DE295327} = {4A9F3092-230D-4FA2-89D9-71A67611E2D8}
		{1757CDB8-6B2C-4F10-B777-3C31B000E293} = {4A9F3092-230D-4FA2-89D9-71A67611E2D8}
		{902280E7-E57F-47D1-BEB7-20119203B667} = {4A9F3092-230D-4FA2-89D9-71A67611E2D8}
		{E9A72328-A3B3-4712-ADC9-66E63022864D} = {4A9F3092-230D-4FA2-89D9-71A67611E2D8}
		{58C9B51A-3F4A-41A5-BAEE-6850807999CF} = {4A9F3092-230D-4FA2-89D9-71A67611E2D8}
		{C9E557A9-1BCC-4721-96A7-58C5FE3EC0D9} = {1727F8F3-FFD2-4CA1-BF87-41BC72BDFDA0}
		{58244C56-788F-4329-84F1-C22DDBEFD26B} = {1727F8F3-FFD2-4CA1-BF87-41BC72BDFDA0}
		{5A8441C6-5F63-43E7-91EE-488D86B18FDC} = {1727F8F3-FFD2-4CA1-BF87-41BC72BDFDA0}
		{143220E7-B967-452C-B140-B0906B01A446} = {1727F8F3-FFD2-4CA1-BF87-41BC72BDFDA0}
		{1DA3789A-1B22-469D-A14C-9CA23255F3D8} = {1727F8F3-FFD2-4CA1-BF87-41BC72BDFDA0}
		{8540E8C0-B8FC-45C2-90E8-01C43D77AA3B} = {1727F8F3-FFD2-4CA1-BF87-41BC72BDFDA0}
		{5A652706-80D9-4AD3-B796-40A6D67F0417} = {1727F8F3-FFD2-4CA1-BF87-41BC72BDFDA0}
		{C5F6F759-ABC3-444D-9F34-96CE4DF8824C} = {1727F8F3-FFD2-4CA1-BF87-41BC72BDFDA0}
		{1EB01C95-772C-4490-9840-C6D6B7343849} = {1727F8F3-FFD2-4CA1-BF87-41BC72BDFDA0}
		{732FADC3-BB7E-4EB1-A4ED-29F04908DFCB} = {1727F8F3-FFD2-4CA1-BF87-41BC72BDFDA0}
		{C548D894-F972-492E-919E-6CE73DE58FB5} = {1727F8F3-FFD2-4CA1-BF87-41BC72BDFDA0}
		{2217A08B-3F8E-4BAD-987F-64116A91AFCB} = {1727F8F3-FFD2-4CA1-BF87-41BC72BDFDA0}
		{B8CBAA47-2E8B-4A38-8824-864B10A13C72} = {1727F8F3-FFD2-4CA1-BF87-41BC72BDFDA0}
		{7DFE83E5-9B78-4884-B6D8-14D0AE664048} = {1727F8F3-FFD2-4CA1-BF87-41BC72BDFDA0}
		{745BB099-AD72-4795-BC25-5D861C2D0726} = {1727F8F3-FFD2-4CA1-BF87-41BC72BDFDA0}
		{D437A69A-FB5A-481E-A650-6D2DEBA401F4} = {1727F8F3-FFD2-4CA1-BF87-41BC72BDFDA0}
		{0D6DC3E0-A833-4524-9C9A-992467613F29} = {4C00FC16-D6E8-40C3-84A0-5BF16E1CFB29}
		{844BF364-166D-4AC5-AF6F-E8EC979B239C} = {4C00FC16-D6E8-40C3-84A0-5BF16E1CFB29}
		{A3D2592F-FD40-4A8F-B610-BD0F30F73774} = {4C00FC16-D6E8-40C3-84A0-5BF16E1CFB29}
		{D2F3A37C-3EE7-4212-8BA8-E2D580ADC8B2} = {AF297081-14ED-4729-95E0-99E060864072}
		{6E3D18C2-626D-471C-9583-B4B7DD9A9CFE} = {AF297081-14ED-4729-95E0-99E060864072}
		{4D6DF98C-1068-4E46-A088-F70D8793CCC7} = {AF297081-14ED-4729-95E0-99E060864072}
		{3CACFCD3-C474-4300-854C-6921FBFCAA16} = {AF297081-14ED-4729-95E0-99E060864072}
		{CCF6AB16-E705-40DE-8F3B-AE94FCE7ED1B} = {AF297081-14ED-4729-95E0-99E060864072}
		{229A0A5A-0DA1-4797-8BD9-6B74D73EB13B} = {AF297081-14ED-4729-95E0-99E060864072}
		{50A50B01-317E-453C-9BAA-2F14FD5AA6B4} = {AF297081-14ED-4729-95E0-99E060864072}
		{C406DAEC-0886-4771-8DEA-9D7329B46CC1} = {0453C51F-6389-41C3-8D34-C9E77121D506}
		{772C2111-BBBF-49E6-B912-198A7F7A88E5} = {0453C51F-6389-41C3-8D34-C9E77121D506}
		{E9E52750-19D7-4427-8B51-32337A32C2C3} = {D2F3A37C-3EE7-4212-8BA8-E2D580ADC8B2}
		{652AFF63-E031-4F60-BDC5-C9B519E6EE14} = {D2F3A37C-3EE7-4212-8BA8-E2D580ADC8B2}
		{2D821C81-649A-429F-AD95-17825C4895F8} = {D2F3A37C-3EE7-4212-8BA8-E2D580ADC8B2}
		{EFB00D7F-63C9-4EFB-8A75-4E7F1CAFD11A} = {D2F3A37C-3EE7-4212-8BA8-E2D580ADC8B2}
		{6AB6ECF6-F3E5-4BC8-98C5-05E077D327E8} = {6E3D18C2-626D-471C-9583-B4B7DD9A9CFE}
		{6CD98149-382E-40AF-B298-C5E0BF3D412B} = {6E3D18C2-626D-471C-9583-B4B7DD9A9CFE}
		{1BA5AC33-F550-4728-A6CD-787AAB269406} = {6E3D18C2-626D-471C-9583-B4B7DD9A9CFE}
		{A52480B2-8A9A-4A53-B757-588A115EEB23} = {6E3D18C2-626D-471C-9583-B4B7DD9A9CFE}
		{A1F5D374-1AE4-43A9-B269-47151970AC94} = {6E3D18C2-626D-471C-9583-B4B7DD9A9CFE}
		{322F9E8A-9E66-484B-A80F-BA584C72D439} = {3EF7F39E-5A79-4D69-BB12-D4CC09431D4A}
		{0EA0F6F1-2DC8-4A1D-B0EF-DED47BB3DDC8} = {3EF7F39E-5A79-4D69-BB12-D4CC09431D4A}
		{BF676151-5C2B-4338-B629-C5A753073112} = {3EF7F39E-5A79-4D69-BB12-D4CC09431D4A}
		{1FBEFA8F-DBA7-4496-BA07-2A356CB70BCF} = {4D6DF98C-1068-4E46-A088-F70D8793CCC7}
		{2BAAFC04-C066-46A2-9D08-9ADF9CABD972} = {4D6DF98C-1068-4E46-A088-F70D8793CCC7}
		{277B5DEC-C768-4FE0-B8A2-42F331F5080E} = {3CACFCD3-C474-4300-854C-6921FBFCAA16}
		{04281CE6-2F4F-4F6F-815D-E2837399AAA3} = {3CACFCD3-C474-4300-854C-6921FBFCAA16}
		{6541AC24-BAD5-40D5-BBFE-EAC807758D76} = {6F7729DD-34F7-41A5-8433-F37C8B31B28A}
		{94396C87-8ECC-4DB8-B7C0-BB1143B128AD} = {6F7729DD-34F7-41A5-8433-F37C8B31B28A}
		{69D12563-CC23-4046-A894-F88EB54F7440} = {6F7729DD-34F7-41A5-8433-F37C8B31B28A}
		{6F96C861-08C7-4EA5-A250-DC895395A376} = {97551DB7-AF3C-4B63-B08E-8B08048F25EC}
		{68F416CF-E2D9-4DD5-ACB5-8C1F6041688F} = {97551DB7-AF3C-4B63-B08E-8B08048F25EC}
	EndGlobalSection
EndGlobal
